
Microsoft Visual Studio Solution File, Format Version 12.00
# Visual Studio Version 17
VisualStudioVersion = 17.14.36109.1 d17.14
MinimumVisualStudioVersion = 10.0.40219.1
Project("{FAE04EC0-301F-11D3-BF4B-00C04F79EFBC}") = "MyProject", "MyProject.csproj", "{A9D49953-1E6B-4F08-8C94-BDD9FC561DE2}"
EndProject
Global
	GlobalSection(SolutionConfigurationPlatforms) = preSolution
		Debug|Any CPU = Debug|Any CPU
		Release|Any CPU = Release|Any CPU
	EndGlobalSection
	GlobalSection(ProjectConfigurationPlatforms) = postSolution
		{A9D49953-1E6B-4F08-8C94-BDD9FC561DE2}.Debug|Any CPU.ActiveCfg = Debug|Any CPU
		{A9D49953-1E6B-4F08-8C94-BDD9FC561DE2}.Debug|Any CPU.Build.0 = Debug|Any CPU
		{A9D49953-1E6B-4F08-8C94-BDD9FC561DE2}.Release|Any CPU.ActiveCfg = Release|Any CPU
		{A9D49953-1E6B-4F08-8C94-BDD9FC561DE2}.Release|Any CPU.Build.0 = Release|Any CPU
	EndGlobalSection
	GlobalSection(SolutionProperties) = preSolution
		HideSolutionNode = FALSE
	EndGlobalSection
	GlobalSection(ExtensibilityGlobals) = postSolution
		SolutionGuid = {78BE743B-EB2B-4B50-BF80-B01AE8E86F52}
	EndGlobalSection
EndGlobal
